
Microsoft Visual Studio Solution File, Format Version 12.00
# Visual Studio Version 16
VisualStudioVersion = 16.0.29709.97
MinimumVisualStudioVersion = 10.0.40219.1
Project("{FAE04EC0-301F-11D3-BF4B-00C04F79EFBC}") = "Oca-Imagenes", "Oca-Imagenes\Oca-Imagenes.csproj", "{A07D158D-0596-4EE3-9ECA-64AE448D01C0}"
EndProject
Global
	GlobalSection(SolutionConfigurationPlatforms) = preSolution
		Debug|Any CPU = Debug|Any CPU
		Release|Any CPU = Release|Any CPU
	EndGlobalSection
	GlobalSection(ProjectConfigurationPlatforms) = postSolution
		{A07D158D-0596-4EE3-9ECA-64AE448D01C0}.Debug|Any CPU.ActiveCfg = Debug|Any CPU
		{A07D158D-0596-4EE3-9ECA-64AE448D01C0}.Debug|Any CPU.Build.0 = Debug|Any CPU
		{A07D158D-0596-4EE3-9ECA-64AE448D01C0}.Release|Any CPU.ActiveCfg = Release|Any CPU
		{A07D158D-0596-4EE3-9ECA-64AE448D01C0}.Release|Any CPU.Build.0 = Release|Any CPU
	EndGlobalSection
	GlobalSection(SolutionProperties) = preSolution
		HideSolutionNode = FALSE
	EndGlobalSection
	GlobalSection(ExtensibilityGlobals) = postSolution
		SolutionGuid = {7D9815D1-8F20-4FE6-9F53-6FA133ED2621}
	EndGlobalSection
EndGlobal
